%{
  "artificery": {:hex, :artificery, "0.4.3", "0bc4260f988dcb9dda4b23f9fc3c6c8b99a6220a331534fdf5bf2fd0d4333b02", [:mix], [], "hexpm", "12e95333a30e20884e937abdbefa3e7f5e05609c2ba8cf37b33f000b9ffc0504"},
  "benchfella": {:hex, :benchfella, "0.3.5", "b2122c234117b3f91ed7b43b6e915e19e1ab216971154acd0a80ce0e9b8c05f5", [:mix], [], "hexpm", "23f27cbc482cbac03fc8926441eb60a5e111759c17642bac005c3225f5eb809d"},
  "briefly": {:hex, :briefly, "0.3.0", "16e6b76d2070ebc9cbd025fa85cf5dbaf52368c4bd896fb482b5a6b95a540c2f", [:mix], [], "hexpm", "c6ebf8fc3dcd4950dd10c03e953fb4f553a8bcf0ff4c8c40d71542434cd7e046"},
  "bunt": {:hex, :bunt, "0.2.0", "951c6e801e8b1d2cbe58ebbd3e616a869061ddadcc4863d0a2182541acae9a38", [:mix], [], "hexpm", "7af5c7e09fe1d40f76c8e4f9dd2be7cebd83909f31fee7cd0e9eadc567da8353"},
  "bypass": {:hex, :bypass, "1.0.0", "b78b3dcb832a71aca5259c1a704b2e14b55fd4e1327ff942598b4e7d1a7ad83d", [:mix], [{:plug, "~> 1.7", [hex: :plug, repo: "hexpm", optional: false]}, {:plug_cowboy, "~> 1.0 or ~> 2.0", [hex: :plug_cowboy, repo: "hexpm", optional: false]}], "hexpm", "5a1dc855dfcc86160458c7a70d25f65d498bd8012bd4c06a8d3baa368dda3c45"},
  "castore": {:hex, :castore, "0.1.11", "c0665858e0e1c3e8c27178e73dffea699a5b28eb72239a3b2642d208e8594914", [:mix], [], "hexpm", "91b009ba61973b532b84f7c09ce441cba7aa15cb8b006cf06c6f4bba18220081"},
  "certifi": {:hex, :certifi, "2.8.0", "d4fb0a6bb20b7c9c3643e22507e42f356ac090a1dcea9ab99e27e0376d695eba", [:rebar3], [], "hexpm", "6ac7efc1c6f8600b08d625292d4bbf584e14847ce1b6b5c44d983d273e1097ea"},
  "combine": {:hex, :combine, "0.10.0", "eff8224eeb56498a2af13011d142c5e7997a80c8f5b97c499f84c841032e429f", [:mix], [], "hexpm", "1b1dbc1790073076580d0d1d64e42eae2366583e7aecd455d1215b0d16f2451b"},
  "con_cache": {:hex, :con_cache, "0.12.1", "7553dcd51ee86fd52bd9ea9aa4b33e71bebf0b5fc5ab60e63d2e0bcaa260f937", [:mix], [{:exactor, "~> 2.2.0", [hex: :exactor, repo: "hexpm", optional: false]}], "hexpm", "e72ea94da0ad5d651fe4fa5e6c9b85e16b3583f0690af7fc4de191eac370bcae"},
  "cowboy": {:hex, :cowboy, "2.6.1", "f2e06f757c337b3b311f9437e6e072b678fcd71545a7b2865bdaa154d078593f", [:rebar3], [{:cowlib, "~> 2.7.0", [hex: :cowlib, repo: "hexpm", optional: false]}, {:ranch, "~> 1.7.1", [hex: :ranch, repo: "hexpm", optional: false]}], "hexpm", "41c14336e40d78d3bb655e76817d9f29def522024a5bb53894c27e0ae338cda0"},
  "cowlib": {:hex, :cowlib, "2.7.0", "3ef16e77562f9855a2605900cedb15c1462d76fb1be6a32fc3ae91973ee543d2", [:rebar3], [], "hexpm", "59f952d504b9921a6f53226fdb8b4a671bb694277c7ccf1ddeaadcdc6d43d88e"},
  "credo": {:hex, :credo, "1.5.5", "e8f422026f553bc3bebb81c8e8bf1932f498ca03339856c7fec63d3faac8424b", [:mix], [{:bunt, "~> 0.2.0", [hex: :bunt, repo: "hexpm", optional: false]}, {:file_system, "~> 0.2.8", [hex: :file_system, repo: "hexpm", optional: false]}, {:jason, "~> 1.0", [hex: :jason, repo: "hexpm", optional: false]}], "hexpm", "dd8623ab7091956a855dc9f3062486add9c52d310dfd62748779c4315d8247de"},
  "csv": {:hex, :csv, "2.4.1", "50e32749953b6bf9818dbfed81cf1190e38cdf24f95891303108087486c5925e", [:mix], [{:parallel_stream, "~> 1.0.4", [hex: :parallel_stream, repo: "hexpm", optional: false]}], "hexpm", "54508938ac67e27966b10ef49606e3ad5995d665d7fc2688efb3eab1307c9079"},
  "dialyxir": {:hex, :dialyxir, "1.0.0-rc.4", "71b42f5ee1b7628f3e3a6565f4617dfb02d127a0499ab3e72750455e986df001", [:mix], [{:erlex, "~> 0.1", [hex: :erlex, repo: "hexpm", optional: false]}], "hexpm", "4bba10c6f267a0dd127d687d1295f6a11af6a7f160cc0e261c46f1962a98d7d8"},
  "diskusage_logger": {:hex, :diskusage_logger, "0.2.0", "04fc48b538fe4de43153542a71ea94f623d54707d85844123baacfceedf625c3", [:mix], [], "hexpm", "e3f2aed1b0fc4590931c089a6453a4c4eb4c945912aa97bcabcc0cff7851f34d"},
  "distillery": {:hex, :distillery, "2.1.1", "f9332afc2eec8a1a2b86f22429e068ef35f84a93ea1718265e740d90dd367814", [:mix], [{:artificery, "~> 0.2", [hex: :artificery, repo: "hexpm", optional: false]}], "hexpm", "bbc7008b0161a6f130d8d903b5b3232351fccc9c31a991f8fcbf2a12ace22995"},
  "earmark_parser": {:hex, :earmark_parser, "1.4.15", "b29e8e729f4aa4a00436580dcc2c9c5c51890613457c193cc8525c388ccb2f06", [:mix], [], "hexpm", "044523d6438ea19c1b8ec877ec221b008661d3c27e3b848f4c879f500421ca5c"},
  "eflame": {:hex, :eflame, "1.0.1", "0664d287e39eef3c413749254b3af5f4f8b00be71c1af67d325331c4890be0fc", [:mix], [], "hexpm", "e0b08854a66f9013129de0b008488f3411ae9b69b902187837f994d7a99cf04e"},
  "ehmon": {:git, "https://github.com/mbta/ehmon.git", "1fb603262bd02d74a16183bd8f344dcace9d7561", []},
  "erlex": {:hex, :erlex, "0.1.6", "c01c889363168d3fdd23f4211647d8a34c0f9a21ec726762312e08e083f3d47e", [:mix], [], "hexpm", "f9388f7d1a668bee6ebddc040422ed6340af74aced153e492330da4c39516d92"},
  "ex_aws": {:git, "https://github.com/ex-aws/ex_aws.git", "08cbbd2aef4ebf52796e48761d1351b5c87c4c5e", [ref: "08cbbd2aef4ebf52796e48761d1351b5c87c4c5e"]},
  "ex_aws_ses": {:hex, :ex_aws_ses, "2.1.1", "7324f2d0038203c70f8b9f5d0f0473a1f473b94e8eca57c84bf4b6aac04d584b", [:mix], [{:ex_aws, "~> 2.0", [hex: :ex_aws, repo: "hexpm", optional: false]}], "hexpm", "86c8a7b139533649c21c4ace6b625f7f2dd2a9190285dd1dc8e0cb9b4002dd19"},
  "ex_doc": {:hex, :ex_doc, "0.25.3", "3edf6a0d70a39d2eafde030b8895501b1c93692effcbd21347296c18e47618ce", [:mix], [{:earmark_parser, "~> 1.4.0", [hex: :earmark_parser, repo: "hexpm", optional: false]}, {:makeup_elixir, "~> 0.14", [hex: :makeup_elixir, repo: "hexpm", optional: false]}, {:makeup_erlang, "~> 0.1", [hex: :makeup_erlang, repo: "hexpm", optional: false]}], "hexpm", "9ebebc2169ec732a38e9e779fd0418c9189b3ca93f4a676c961be6c1527913f5"},
  "exactor": {:hex, :exactor, "2.2.3", "a6972f43bb6160afeb73e1d8ab45ba604cd0ac8b5244c557093f6e92ce582786", [:mix], [], "hexpm", "2c49a3b991bcacf1bcd20708cfce6380a12a0bdbf9b64dcd72a04bfde30754f9"},
  "excoveralls": {:hex, :excoveralls, "0.14.4", "295498f1ae47bdc6dce59af9a585c381e1aefc63298d48172efaaa90c3d251db", [:mix], [{:hackney, "~> 1.16", [hex: :hackney, repo: "hexpm", optional: false]}, {:jason, "~> 1.0", [hex: :jason, repo: "hexpm", optional: false]}], "hexpm", "e3ab02f2df4c1c7a519728a6f0a747e71d7d6e846020aae338173619217931c1"},
  "exjsx": {:hex, :exjsx, "4.0.0", "60548841e0212df401e38e63c0078ec57b33e7ea49b032c796ccad8cde794b5c", [:mix], [{:jsx, "~> 2.8.0", [hex: :jsx, repo: "hexpm", optional: false]}], "hexpm", "32e95820a97cffea67830e91514a2ad53b888850442d6d395f53a1ac60c82e07"},
  "exvcr": {:hex, :exvcr, "0.11.0", "59d5c11c9022852e9265d223fbde38c512cc350404f695a7b838cd7fb8dabed8", [:mix], [{:exactor, "~> 2.2", [hex: :exactor, repo: "hexpm", optional: false]}, {:exjsx, "~> 4.0", [hex: :exjsx, repo: "hexpm", optional: false]}, {:httpoison, "~> 1.0", [hex: :httpoison, repo: "hexpm", optional: true]}, {:httpotion, "~> 3.1", [hex: :httpotion, repo: "hexpm", optional: true]}, {:ibrowse, "~> 4.4", [hex: :ibrowse, repo: "hexpm", optional: true]}, {:meck, "~> 0.8", [hex: :meck, repo: "hexpm", optional: false]}], "hexpm", "17722e01511015cf3b46735850665425bb64264e304e6946a420040cff787ef7"},
  "fast_local_datetime": {:hex, :fast_local_datetime, "0.1.0", "427979badddb6889c75e01ae89a2811fe48dd310f0e64194299c0e267706cfb7", [:mix], [{:tzdata, "~> 0.5", [hex: :tzdata, repo: "hexpm", optional: false]}], "hexpm", "19ccf1d9c8eff41799c31411a700eb1d8f5d8848c0af94c849f424232bcb461c"},
  "file_system": {:hex, :file_system, "0.2.10", "fb082005a9cd1711c05b5248710f8826b02d7d1784e7c3451f9c1231d4fc162d", [:mix], [], "hexpm", "41195edbfb562a593726eda3b3e8b103a309b733ad25f3d642ba49696bf715dc"},
  "floki": {:hex, :floki, "0.31.0", "f05ee8a8e6a3ced4e62beeb2c79a63bc8e12ab98fbaaf6e6a3d9b76b1278e23f", [:mix], [{:html_entities, "~> 0.5.0", [hex: :html_entities, repo: "hexpm", optional: false]}], "hexpm", "b05afa372f5c345a5bf240ac25ea1f0f3d5fcfd7490ac0beeb4a203f9444891e"},
  "fs": {:hex, :fs, "0.9.2", "ed17036c26c3f70ac49781ed9220a50c36775c6ca2cf8182d123b6566e49ec59", [:rebar], [], "hexpm", "9a00246e8af58cdf465ae7c48fd6fd7ba2e43300413dfcc25447ecd3bf76f0c1"},
  "gen_stage": {:hex, :gen_stage, "0.14.3", "d0c66f1c87faa301c1a85a809a3ee9097a4264b2edf7644bf5c123237ef732bf", [:mix], [], "hexpm", "8453e2289d94c3199396eb517d65d6715ef26bcae0ee83eb5ff7a84445458d76"},
  "gettext": {:hex, :gettext, "0.13.1", "5e0daf4e7636d771c4c71ad5f3f53ba09a9ae5c250e1ab9c42ba9edccc476263", [:mix], [], "hexpm", "b233b4ab0d349a359b52592d2d591fc6e4b20fdbe0b15a624cc15a3ca509a1cc"},
  "hackney": {:hex, :hackney, "1.18.0", "c4443d960bb9fba6d01161d01cd81173089686717d9490e5d3606644c48d121f", [:rebar3], [{:certifi, "~>2.8.0", [hex: :certifi, repo: "hexpm", optional: false]}, {:idna, "~>6.1.0", [hex: :idna, repo: "hexpm", optional: false]}, {:metrics, "~>1.0.0", [hex: :metrics, repo: "hexpm", optional: false]}, {:mimerl, "~>1.1", [hex: :mimerl, repo: "hexpm", optional: false]}, {:parse_trans, "3.3.1", [hex: :parse_trans, repo: "hexpm", optional: false]}, {:ssl_verify_fun, "~>1.1.0", [hex: :ssl_verify_fun, repo: "hexpm", optional: false]}, {:unicode_util_compat, "~>0.7.0", [hex: :unicode_util_compat, repo: "hexpm", optional: false]}], "hexpm", "9afcda620704d720db8c6a3123e9848d09c87586dc1c10479c42627b905b5c5e"},
  "hammer": {:hex, :hammer, "6.0.0", "72ec6fff10e9d63856968988a22ee04c4d6d5248071ddccfbda50aa6c455c1d7", [:mix], [{:poolboy, "~> 1.5", [hex: :poolboy, repo: "hexpm", optional: false]}], "hexpm", "d8e1ec2e534c4aae508b906759e077c3c1eb3e2b9425235d4b7bbab0b016210a"},
  "html_entities": {:hex, :html_entities, "0.5.2", "9e47e70598da7de2a9ff6af8758399251db6dbb7eebe2b013f2bbd2515895c3c", [:mix], [], "hexpm", "c53ba390403485615623b9531e97696f076ed415e8d8058b1dbaa28181f4fdcc"},
  "html_sanitize_ex": {:hex, :html_sanitize_ex, "1.3.0", "f005ad692b717691203f940c686208aa3d8ffd9dd4bb3699240096a51fa9564e", [:mix], [{:mochiweb, "~> 2.15", [hex: :mochiweb, repo: "hexpm", optional: false]}], "hexpm", "abfb393ad888d57700f4d0f119c2643c8a9d98856f9b8a92001be7efad1419d6"},
  "httpoison": {:hex, :httpoison, "1.6.2", "ace7c8d3a361cebccbed19c283c349b3d26991eff73a1eaaa8abae2e3c8089b6", [:mix], [{:hackney, "~> 1.15 and >= 1.15.2", [hex: :hackney, repo: "hexpm", optional: false]}], "hexpm", "aa2c74bd271af34239a3948779612f87df2422c2fdcfdbcec28d9c105f0773fe"},
  "idna": {:hex, :idna, "6.1.1", "8a63070e9f7d0c62eb9d9fcb360a7de382448200fbbd1b106cc96d3d8099df8d", [:rebar3], [{:unicode_util_compat, "~>0.7.0", [hex: :unicode_util_compat, repo: "hexpm", optional: false]}], "hexpm", "92376eb7894412ed19ac475e4a86f7b413c1b9fbb5bd16dccd57934157944cea"},
  "inflex": {:hex, :inflex, "1.8.1", "9fa9684ff1a872eab7415c0be500cc1b7782f28da6ed75423081e75f92831b1c", [:mix], [], "hexpm", "f9d542ec03df73be5106a72357572728d83c4f1f6824d0a080bdf472784c49e6"},
  "jason": {:hex, :jason, "1.1.2", "b03dedea67a99223a2eaf9f1264ce37154564de899fd3d8b9a21b1a6fd64afe7", [:mix], [{:decimal, "~> 1.0", [hex: :decimal, repo: "hexpm", optional: true]}], "hexpm", "fdf843bca858203ae1de16da2ee206f53416bbda5dc8c9e78f43243de4bc3afe"},
  "jsx": {:hex, :jsx, "2.8.3", "a05252d381885240744d955fbe3cf810504eb2567164824e19303ea59eef62cf", [:mix, :rebar3], [], "hexpm", "fc3499fed7a726995aa659143a248534adc754ebd16ccd437cd93b649a95091f"},
  "laboratory": {:git, "https://github.com/paulswartz/laboratory.git", "24adbe2cb18d8368e140ab5e13c8f5b75adea742", [ref: "cookie_opts"]},
  "logster": {:hex, :logster, "0.4.3", "a20e9c60e94847e60064d99042d10b1d03abac354c2b360842bf9b3386e56b4a", [:mix], [{:plug, "~> 1.0", [hex: :plug, repo: "hexpm", optional: false]}, {:poison, "~> 1.5 or ~> 2.0 or ~> 3.0", [hex: :poison, repo: "hexpm", optional: false]}], "hexpm", "8a01498f0bf54a760086dc6c577f941f1b70a36f697bcda6249726725a8e6f72"},
  "mail": {:hex, :mail, "0.2.2", "b1d31beaa2a7b23d7b84b2794f037ef4dfdaba9e66d877142bedbaf0625b9c16", [:mix], [], "hexpm", "1c9d31548a60c44ded1806369e07a7dd4d05737eb47fa3238bbf2436b3da8a32"},
  "makeup": {:hex, :makeup, "1.0.5", "d5a830bc42c9800ce07dd97fa94669dfb93d3bf5fcf6ea7a0c67b2e0e4a7f26c", [:mix], [{:nimble_parsec, "~> 0.5 or ~> 1.0", [hex: :nimble_parsec, repo: "hexpm", optional: false]}], "hexpm", "cfa158c02d3f5c0c665d0af11512fed3fba0144cf1aadee0f2ce17747fba2ca9"},
  "makeup_elixir": {:hex, :makeup_elixir, "0.15.1", "b5888c880d17d1cc3e598f05cdb5b5a91b7b17ac4eaf5f297cb697663a1094dd", [:mix], [{:makeup, "~> 1.0", [hex: :makeup, repo: "hexpm", optional: false]}, {:nimble_parsec, "~> 1.1", [hex: :nimble_parsec, repo: "hexpm", optional: false]}], "hexpm", "db68c173234b07ab2a07f645a5acdc117b9f99d69ebf521821d89690ae6c6ec8"},
  "makeup_erlang": {:hex, :makeup_erlang, "0.1.1", "3fcb7f09eb9d98dc4d208f49cc955a34218fc41ff6b84df7c75b3e6e533cc65f", [:mix], [{:makeup, "~> 1.0", [hex: :makeup, repo: "hexpm", optional: false]}], "hexpm", "174d0809e98a4ef0b3309256cbf97101c6ec01c4ab0b23e926a9e17df2077cbb"},
  "meck": {:hex, :meck, "0.8.13", "ffedb39f99b0b99703b8601c6f17c7f76313ee12de6b646e671e3188401f7866", [:rebar3], [], "hexpm", "d34f013c156db51ad57cc556891b9720e6a1c1df5fe2e15af999c84d6cebeb1a"},
  "metrics": {:hex, :metrics, "1.0.1", "25f094dea2cda98213cecc3aeff09e940299d950904393b2a29d191c346a8486", [:rebar3], [], "hexpm", "69b09adddc4f74a40716ae54d140f93beb0fb8978d8636eaded0c31b6f099f16"},
  "mime": {:hex, :mime, "2.0.1", "0de4c81303fe07806ebc2494d5321ce8fb4df106e34dd5f9d787b637ebadc256", [:mix], [], "hexpm", "7a86b920d2aedce5fb6280ac8261ac1a739ae6c1a1ad38f5eadf910063008942"},
  "mimerl": {:hex, :mimerl, "1.2.0", "67e2d3f571088d5cfd3e550c383094b47159f3eee8ffa08e64106cdf5e981be3", [:rebar3], [], "hexpm", "f278585650aa581986264638ebf698f8bb19df297f66ad91b18910dfc6e19323"},
  "mint": {:hex, :mint, "1.4.0", "cd7d2451b201fc8e4a8fd86257fb3878d9e3752899eb67b0c5b25b180bde1212", [:mix], [{:castore, "~> 0.1.0", [hex: :castore, repo: "hexpm", optional: true]}], "hexpm", "10a99e144b815cbf8522dccbc8199d15802440fc7a64d67b6853adb6fa170217"},
  "mochiweb": {:hex, :mochiweb, "2.22.0", "f104d6747c01a330c38613561977e565b788b9170055c5241ac9dd6e4617cba5", [:rebar3], [], "hexpm", "cbbd1fd315d283c576d1c8a13e0738f6dafb63dc840611249608697502a07655"},
  "mock": {:hex, :mock, "0.3.3", "42a433794b1291a9cf1525c6d26b38e039e0d3a360732b5e467bfc77ef26c914", [:mix], [{:meck, "~> 0.8.13", [hex: :meck, repo: "hexpm", optional: false]}], "hexpm", "a280d1f7b6f4bbcbd9282616e57502721781c66ee5b540720efabeaf627cc7eb"},
  "nimble_parsec": {:hex, :nimble_parsec, "1.1.0", "3a6fca1550363552e54c216debb6a9e95bd8d32348938e13de5eda962c0d7f89", [:mix], [], "hexpm", "08eb32d66b706e913ff748f11694b17981c0b04a33ef470e33e11b3d3ac8f54b"},
  "parallel_stream": {:hex, :parallel_stream, "1.0.6", "b967be2b23f0f6787fab7ed681b4c45a215a81481fb62b01a5b750fa8f30f76c", [:mix], [], "hexpm", "639b2e8749e11b87b9eb42f2ad325d161c170b39b288ac8d04c4f31f8f0823eb"},
  "parse_trans": {:hex, :parse_trans, "3.3.1", "16328ab840cc09919bd10dab29e431da3af9e9e7e7e6f0089dd5a2d2820011d8", [:rebar3], [], "hexpm", "07cd9577885f56362d414e8c4c4e6bdf10d43a8767abb92d24cbe8b24c54888b"},
  "phoenix": {:hex, :phoenix, "1.4.1", "801f9d632808657f1f7c657c8bbe624caaf2ba91429123ebe3801598aea4c3d9", [:mix], [{:jason, "~> 1.0", [hex: :jason, repo: "hexpm", optional: true]}, {:phoenix_pubsub, "~> 1.1", [hex: :phoenix_pubsub, repo: "hexpm", optional: false]}, {:plug, "~> 1.7", [hex: :plug, repo: "hexpm", optional: false]}, {:plug_cowboy, "~> 1.0 or ~> 2.0", [hex: :plug_cowboy, repo: "hexpm", optional: true]}], "hexpm", "e05b7487c7d33d5db2a70abe78dc55bde911dbf6d52691a04d1ee2e41fbeccca"},
  "phoenix_html": {:hex, :phoenix_html, "2.13.1", "fa8f034b5328e2dfa0e4131b5569379003f34bc1fafdaa84985b0b9d2f12e68b", [:mix], [{:plug, "~> 1.5", [hex: :plug, repo: "hexpm", optional: false]}], "hexpm", "42e3cfa94e06de96330f40d99c34175df64fd0136de9b2b3426401c7a18b8964"},
  "phoenix_live_reload": {:hex, :phoenix_live_reload, "1.0.8", "4333f9c74190f485a74866beff2f9304f069d53f047f5fbb0fb8d1ee4c495f73", [:mix], [{:fs, "~> 0.9.1", [hex: :fs, repo: "hexpm", optional: false]}, {:phoenix, "~> 1.0 or ~> 1.2-rc", [hex: :phoenix, repo: "hexpm", optional: false]}], "hexpm", "af4d9faeb655ef933cf66fd4d83f8bb0146ab0da30c81cfbdc2152825970fa76"},
  "phoenix_pubsub": {:hex, :phoenix_pubsub, "1.1.2", "496c303bdf1b2e98a9d26e89af5bba3ab487ba3a3735f74bf1f4064d2a845a3e", [:mix], [], "hexpm", "1f13f9f0f3e769a667a6b6828d29dec37497a082d195cc52dbef401a9b69bf38"},
  "plug": {:hex, :plug, "1.12.1", "645678c800601d8d9f27ad1aebba1fdb9ce5b2623ddb961a074da0b96c35187d", [:mix], [{:mime, "~> 1.0 or ~> 2.0", [hex: :mime, repo: "hexpm", optional: false]}, {:plug_crypto, "~> 1.1.1 or ~> 1.2", [hex: :plug_crypto, repo: "hexpm", optional: false]}, {:telemetry, "~> 0.4.3 or ~> 1.0", [hex: :telemetry, repo: "hexpm", optional: false]}], "hexpm", "d57e799a777bc20494b784966dc5fbda91eb4a09f571f76545b72a634ce0d30b"},
  "plug_cowboy": {:hex, :plug_cowboy, "2.0.1", "d798f8ee5acc86b7d42dbe4450b8b0dadf665ce588236eb0a751a132417a980e", [:mix], [{:cowboy, "~> 2.5", [hex: :cowboy, repo: "hexpm", optional: false]}, {:plug, "~> 1.7", [hex: :plug, repo: "hexpm", optional: false]}], "hexpm", "c5ca11a0dffb73991c0d9e6e9c681b346a5151f1ec40213c617f901d4abbbc90"},
  "plug_crypto": {:hex, :plug_crypto, "1.2.2", "05654514ac717ff3a1843204b424477d9e60c143406aa94daf2274fdd280794d", [:mix], [], "hexpm", "87631c7ad914a5a445f0a3809f99b079113ae4ed4b867348dd9eec288cecb6db"},
  "poison": {:hex, :poison, "2.2.0", "4763b69a8a77bd77d26f477d196428b741261a761257ff1cf92753a0d4d24a63", [:mix], [], "hexpm", "519bc209e4433961284174c497c8524c001e285b79bdf80212b47a1f898084cc"},
  "pollution": {:hex, :pollution, "0.9.2", "3f67542631071c99f807d2a8f9da799c07cd983c902f5357b9e1569c20a26e76", [:mix], [], "hexpm", "6399fd8ffd97dcc3d9d277f60542a234d644d7bcc0d48c8fda93d6be4801bac2"},
  "polyline": {:git, "https://github.com/ryan-mahoney/polyline_ex.git", "f1ed40208d49806255317f9b1ebaf954e5cddff4", []},
  "poolboy": {:hex, :poolboy, "1.5.2", "392b007a1693a64540cead79830443abf5762f5d30cf50bc95cb2c1aaafa006b", [:rebar3], [], "hexpm", "dad79704ce5440f3d5a3681c8590b9dc25d1a561e8f5a9c995281012860901e3"},
  "proper": {:hex, :proper, "1.3.0", "c1acd51c51da17a2fe91d7a6fc6a0c25a6a9849d8dc77093533109d1218d8457", [:make, :mix, :rebar3], [], "hexpm", "4aa192fccddd03fdbe50fef620be9d4d2f92635b54f55fb83aec185994403cbc"},
  "quixir": {:hex, :quixir, "0.9.3", "f01c37386b9e1d0526f01a8734a6d7884af294a0ec360f05c24c7171d74632bd", [:mix], [{:pollution, "~> 0.9.2", [hex: :pollution, repo: "hexpm", optional: false]}], "hexpm", "4f3a1fe7c82b767d935b3f7b94cf34b91ef78bb487ef256b303d77417fc7d589"},
  "ranch": {:hex, :ranch, "1.7.1", "6b1fab51b49196860b733a49c07604465a47bdb78aa10c1c16a3d199f7f8c881", [:rebar3], [], "hexpm", "451d8527787df716d99dc36162fca05934915db0b6141bbdac2ea8d3c7afc7d7"},
  "recaptcha": {:git, "https://github.com/samueljseay/recaptcha.git", "8ea13f63990ca18725ac006d30e55d42c3a58457", [ref: "8ea13f63990ca18725ac006d30e55d42c3a58457"]},
  "recon": {:hex, :recon, "2.5.1", "430ffa60685ac1efdfb1fe4c97b8767c92d0d92e6e7c3e8621559ba77598678a", [:mix, :rebar3], [], "hexpm", "5721c6b6d50122d8f68cccac712caa1231f97894bab779eff5ff0f886cb44648"},
  "rstar": {:git, "https://github.com/armon/erl-rstar.git", "a406b2cce609029bf65b9ccfbe93a0416c0ee0cd", []},
  "sentry": {:hex, :sentry, "7.0.4", "a9a00b480becfca5b897a1b383f88e21fa21abc876e2b1b30060040f76a9c776", [:mix], [{:hackney, "~> 1.8 or 1.6.5", [hex: :hackney, repo: "hexpm", optional: false]}, {:jason, "~> 1.1", [hex: :jason, repo: "hexpm", optional: true]}, {:phoenix, "~> 1.3", [hex: :phoenix, repo: "hexpm", optional: true]}, {:plug, "~> 1.6", [hex: :plug, repo: "hexpm", optional: true]}, {:plug_cowboy, "~> 1.0 or ~> 2.0", [hex: :plug_cowboy, repo: "hexpm", optional: true]}], "hexpm", "0aa7e405388af5634aefad7f3e11f188e8c13d0003ae7100b956eb01c8b002a5"},
  "server_sent_event_stage": {:hex, :server_sent_event_stage, "1.0.1", "bbafc90a252e9a506f680b18af5acb9014089edbcffff434e2bd9abea3bb4f53", [:mix], [{:castore, "~> 0.1", [hex: :castore, repo: "hexpm", optional: true]}, {:ex_doc, "~> 0.21", [hex: :ex_doc, repo: "hexpm", optional: true]}, {:gen_stage, "~> 0.14", [hex: :gen_stage, repo: "hexpm", optional: false]}, {:mint, "~> 1.0", [hex: :mint, repo: "hexpm", optional: false]}], "hexpm", "417145199dd05e310a784b95eb1d9ed71ad54052110efe847c01e617942fe73c"},
  "sizeable": {:hex, :sizeable, "0.1.5", "47fb6563efb1e11374b552b778808cf143496a003d1889c56a953ef57fd7856e", [:mix], [], "hexpm", "4f8175e96af86ac411db3e8e76de93cf9e312cb2909872bebc52cdb5586b9d80"},
  "ssl_verify_fun": {:hex, :ssl_verify_fun, "1.1.6", "cf344f5692c82d2cd7554f5ec8fd961548d4fd09e7d22f5b62482e5aeaebd4b0", [:make, :mix, :rebar3], [], "hexpm", "bdb0d2471f453c88ff3908e7686f86f9be327d065cc1ec16fa4540197ea04680"},
  "telemetry": {:hex, :telemetry, "1.0.0", "0f453a102cdf13d506b7c0ab158324c337c41f1cc7548f0bc0e130bbf0ae9452", [:rebar3], [], "hexpm", "73bc09fa59b4a0284efb4624335583c528e07ec9ae76aca96ea0673850aec57a"},
  "timex": {:hex, :timex, "3.1.24", "d198ae9783ac807721cca0c5535384ebdf99da4976be8cefb9665a9262a1e9e3", [:mix], [{:combine, "~> 0.7", [hex: :combine, repo: "hexpm", optional: false]}, {:gettext, "~> 0.10", [hex: :gettext, repo: "hexpm", optional: false]}, {:tzdata, "~> 0.1.8 or ~> 0.5", [hex: :tzdata, repo: "hexpm", optional: false]}], "hexpm", "ca852258d788542c263b12dbf55375fe2ccf5674e7b20995e3d84d2d4412bc0f"},
  "tzdata": {:hex, :tzdata, "0.5.13", "dfd6a10c1c9ed2b4c6493e35af5da6c37058c9578b2e413d37242d6943ed07d9", [:mix], [{:hackney, "~> 1.0", [hex: :hackney, repo: "hexpm", optional: false]}], "hexpm", "2ef5a3a4130b8c54c5cc720d0a6610e3c8a32a2b1a3a6905c7cce5785f53fa2e"},
  "unicode_util_compat": {:hex, :unicode_util_compat, "0.7.0", "bc84380c9ab48177092f43ac89e4dfa2c6d62b40b8bd132b1059ecc7232f9a78", [:rebar3], [], "hexpm", "25eee6d67df61960cf6a794239566599b09e17e668d3700247bc498638152521"},
  "vector": {:hex, :vector, "0.1.0", "b7a6f8123089d75b8f9c716012fb0e024b0de01e99ec05696b417cf68a58ae45", [:mix], [], "hexpm", "2399175b7daa136a15ddbaeeb007de0b903fd21979aec1afa2ead92d37033870"},
  "wallaby": {:hex, :wallaby, "0.22.0", "e5d16bfa7ab23562c8a6e3b0a31445a2fd470ca622082a910114807ba823780d", [:mix], [{:httpoison, "~> 0.12 or ~> 1.0", [hex: :httpoison, repo: "hexpm", optional: false]}, {:poison, ">= 1.4.0", [hex: :poison, repo: "hexpm", optional: false]}, {:poolboy, "~> 1.5", [hex: :poolboy, repo: "hexpm", optional: false]}], "hexpm", "b5ec4fdb22f79bc1656cf8766718d0ab77e961839a5946a3ecf212448e30bf15"},
}
